<?xml version="1.0" encoding="utf-8"?>
<Project ToolsVersion="4.0" xmlns="http://schemas.microsoft.com/developer/msbuild/2003">
  <ItemGroup>
    <Filter Include="Generated Files">
      <UniqueIdentifier>{71ED8ED8-ACB9-4CE9-BBE1-E00B30144E11}</UniqueIdentifier>
      <Extensions>cpp;c;cxx;moc;h;def;odl;idl;res;</Extensions>
    </Filter>
    <Filter Include="Generated Files">
      <UniqueIdentifier>{71ED8ED8-ACB9-4CE9-BBE1-E00B30144E11}</UniqueIdentifier>
      <Extensions>cpp;c;cxx;moc;h;def;odl;idl;res;</Extensions>
    </Filter>
    <Filter Include="Header Files">
      <UniqueIdentifier>{93995380-89BD-4b04-88EB-625FBE52EBFB}</UniqueIdentifier>
      <Extensions>h;hpp;hxx;hm;inl;inc;xsd</Extensions>
    </Filter>
    <Filter Include="Header Files">
      <UniqueIdentifier>{93995380-89BD-4b04-88EB-625FBE52EBFB}</UniqueIdentifier>
      <Extensions>h;hpp;hxx;hm;inl;inc;xsd</Extensions>
    </Filter>
    <Filter Include="Source Files">
      <UniqueIdentifier>{4FC737F1-C7A5-4376-A066-2A32D752A2FF}</UniqueIdentifier>
      <Extensions>cpp;c;cxx;def;odl;idl;hpj;bat;asm;asmx</Extensions>
    </Filter>
    <Filter Include="Source Files">
      <UniqueIdentifier>{4FC737F1-C7A5-4376-A066-2A32D752A2FF}</UniqueIdentifier>
      <Extensions>cpp;c;cxx;def;odl;idl;hpj;bat;asm;asmx</Extensions>
    </Filter>
    <Filter Include="Generated Files\Debug">
      <UniqueIdentifier>{f45aa9d9-675f-4dc7-8ce1-0d6b0e6418d7}</UniqueIdentifier>
      <Extensions>cpp;moc</Extensions>
      <SourceControlFiles>False</SourceControlFiles>
    </Filter>
    <Filter Include="Generated Files\Release">
      <UniqueIdentifier>{1d4b643a-fdf1-40fd-b810-06c2765c7d97}</UniqueIdentifier>
      <Extensions>cpp;moc</Extensions>
      <SourceControlFiles>False</SourceControlFiles>
    </Filter>
  </ItemGroup>
  <ItemGroup>
    <ClCompile Include="surface_mesh\IO.cpp">
      <Filter>Source Files</Filter>
    </ClCompile>
    <ClCompile Include="surface_mesh\IO_obj.cpp">
      <Filter>Source Files</Filter>
    </ClCompile>
    <ClCompile Include="surface_mesh\IO_off.cpp">
      <Filter>Source Files</Filter>
    </ClCompile>
    <ClCompile Include="surface_mesh\IO_stl.cpp">
      <Filter>Source Files</Filter>
    </ClCompile>
    <ClCompile Include="SurfaceMeshModel.cpp">
      <Filter>Source Files</Filter>
    </ClCompile>
    <ClCompile Include="surface_mesh\Surface_mesh.cpp">
      <Filter>Source Files</Filter>
    </ClCompile>
    <ClCompile Include="GeneratedFiles\Debug\moc_SurfaceMeshModel.cpp">
      <Filter>Generated Files\Debug</Filter>
    </ClCompile>
    <ClCompile Include="GeneratedFiles\Release\moc_SurfaceMeshModel.cpp">
      <Filter>Generated Files\Release</Filter>
    </ClCompile>
  </ItemGroup>
  <ItemGroup>
    <ClInclude Include="helpers\ColorMap.h">
      <Filter>Header Files</Filter>
    </ClInclude>
    <ClInclude Include="helpers\ColorizeHelper.h">
      <Filter>Header Files</Filter>
    </ClInclude>
    <ClInclude Include="helpers\CurvatureEstimationHelper.h">
      <Filter>Header Files</Filter>
    </ClInclude>
    <ClInclude Include="helpers\DoUndoHelper.h">
      <Filter>Header Files</Filter>
    </ClInclude>
    <ClInclude Include="helpers\FaceBarycenterHelper.h">
      <Filter>Header Files</Filter>
    </ClInclude>
    <ClInclude Include="surface_mesh\IO.h">
      <Filter>Header Files</Filter>
    </ClInclude>
    <ClInclude Include="helpers\LaplacianHelper.h">
      <Filter>Header Files</Filter>
    </ClInclude>
    <ClInclude Include="helpers\LocalAnalysisHelper.h">
      <Filter>Header Files</Filter>
    </ClInclude>
    <ClInclude Include="helpers\MatlabSurfaceMeshHelper.h">
      <Filter>Header Files</Filter>
    </ClInclude>
    <ClInclude Include="SurfaceMesh\NoiseGenerator.h">
      <Filter>Header Files</Filter>
    </ClInclude>
    <ClInclude Include="geometry\Quadric.h">
      <Filter>Header Files</Filter>
    </ClInclude>
    <ClInclude Include="helpers\StatisticsHelper.h">
      <Filter>Header Files</Filter>
    </ClInclude>
    <ClInclude Include="iterators\StdIterators.h">
      <Filter>Header Files</Filter>
    </ClInclude>
    <ClInclude Include="SurfaceMeshHelper.h">
      <Filter>Header Files</Filter>
    </ClInclude>
    <CustomBuild Include="SurfaceMeshModel.h">
      <Filter>Header Files</Filter>
    </CustomBuild>
    <ClInclude Include="helpers\SurfaceMeshNormalsHelper.h">
      <Filter>Header Files</Filter>
    </ClInclude>
    <ClInclude Include="SurfaceMeshPlugins.h">
      <Filter>Header Files</Filter>
    </ClInclude>
    <ClInclude Include="helpers\SurfaceMeshQForEachHelpers.h">
      <Filter>Header Files</Filter>
    </ClInclude>
    <ClInclude Include="surface_mesh\Surface_mesh.h">
      <Filter>Header Files</Filter>
    </ClInclude>
    <ClInclude Include="dynamic_surfacemesh_global.h">
      <Filter>Header Files</Filter>
    </ClInclude>
    <ClInclude Include="surface_mesh\gl_wrappers.h">
      <Filter>Header Files</Filter>
    </ClInclude>
    <ClInclude Include="surface_mesh\properties.h">
      <Filter>Header Files</Filter>
    </ClInclude>
  </ItemGroup>
</Project>