<?xml version="1.0" encoding="utf-8"?>
<Project ToolsVersion="4.0" xmlns="http://schemas.microsoft.com/developer/msbuild/2003">
  <ItemGroup>
    <Filter Include="Form Files">
      <UniqueIdentifier>{99349809-55BA-4b9d-BF79-8FDBB0286EB3}</UniqueIdentifier>
      <Extensions>ui</Extensions>
      <ParseFiles>false</ParseFiles>
    </Filter>
    <Filter Include="Form Files">
      <UniqueIdentifier>{99349809-55BA-4b9d-BF79-8FDBB0286EB3}</UniqueIdentifier>
      <Extensions>ui</Extensions>
      <ParseFiles>false</ParseFiles>
    </Filter>
    <Filter Include="Generated Files">
      <UniqueIdentifier>{71ED8ED8-ACB9-4CE9-BBE1-E00B30144E11}</UniqueIdentifier>
      <Extensions>cpp;c;cxx;moc;h;def;odl;idl;res;</Extensions>
    </Filter>
    <Filter Include="Generated Files">
      <UniqueIdentifier>{71ED8ED8-ACB9-4CE9-BBE1-E00B30144E11}</UniqueIdentifier>
      <Extensions>cpp;c;cxx;moc;h;def;odl;idl;res;</Extensions>
    </Filter>
    <Filter Include="Header Files">
      <UniqueIdentifier>{93995380-89BD-4b04-88EB-625FBE52EBFB}</UniqueIdentifier>
      <Extensions>h;hpp;hxx;hm;inl;inc;xsd</Extensions>
    </Filter>
    <Filter Include="Header Files">
      <UniqueIdentifier>{93995380-89BD-4b04-88EB-625FBE52EBFB}</UniqueIdentifier>
      <Extensions>h;hpp;hxx;hm;inl;inc;xsd</Extensions>
    </Filter>
    <Filter Include="Source Files">
      <UniqueIdentifier>{4FC737F1-C7A5-4376-A066-2A32D752A2FF}</UniqueIdentifier>
      <Extensions>cpp;c;cxx;def;odl;idl;hpj;bat;asm;asmx</Extensions>
    </Filter>
    <Filter Include="Source Files">
      <UniqueIdentifier>{4FC737F1-C7A5-4376-A066-2A32D752A2FF}</UniqueIdentifier>
      <Extensions>cpp;c;cxx;def;odl;idl;hpj;bat;asm;asmx</Extensions>
    </Filter>
    <Filter Include="Generated Files\Debug">
      <UniqueIdentifier>{9f286279-62f5-42c7-96d3-795c26204781}</UniqueIdentifier>
      <Extensions>cpp;moc</Extensions>
      <SourceControlFiles>False</SourceControlFiles>
    </Filter>
    <Filter Include="Generated Files\Release">
      <UniqueIdentifier>{220933c4-cd71-4d7b-bae8-32b5e198b8bb}</UniqueIdentifier>
      <Extensions>cpp;moc</Extensions>
      <SourceControlFiles>False</SourceControlFiles>
    </Filter>
  </ItemGroup>
  <ItemGroup>
    <ClCompile Include="Document.cpp">
      <Filter>Source Files</Filter>
    </ClCompile>
    <ClCompile Include="Model.cpp">
      <Filter>Source Files</Filter>
    </ClCompile>
    <ClCompile Include="parameters\ParametersFrame.cpp">
      <Filter>Source Files</Filter>
    </ClCompile>
    <ClCompile Include="PluginManager.cpp">
      <Filter>Source Files</Filter>
    </ClCompile>
    <ClCompile Include="RenderObject.cpp">
      <Filter>Source Files</Filter>
    </ClCompile>
    <ClCompile Include="parameters\RichParameterSet.cpp">
      <Filter>Source Files</Filter>
    </ClCompile>
    <ClCompile Include="StarlabApplication.cpp">
      <Filter>Source Files</Filter>
    </ClCompile>
    <ClCompile Include="StarlabDrawArea.cpp">
      <Filter>Source Files</Filter>
    </ClCompile>
    <ClCompile Include="StarlabMainWindow.cpp">
      <Filter>Source Files</Filter>
    </ClCompile>
    <ClCompile Include="interfaces\StarlabPlugin.cpp">
      <Filter>Source Files</Filter>
    </ClCompile>
    <ClCompile Include="StarlabSettings.cpp">
      <Filter>Source Files</Filter>
    </ClCompile>
    <ClCompile Include="qglviewer\camera.cpp">
      <Filter>Source Files</Filter>
    </ClCompile>
    <ClCompile Include="qglviewer\constraint.cpp">
      <Filter>Source Files</Filter>
    </ClCompile>
    <ClCompile Include="qglviewer\frame.cpp">
      <Filter>Source Files</Filter>
    </ClCompile>
    <ClCompile Include="qglviewer\keyFrameInterpolator.cpp">
      <Filter>Source Files</Filter>
    </ClCompile>
    <ClCompile Include="qglviewer\manipulatedCameraFrame.cpp">
      <Filter>Source Files</Filter>
    </ClCompile>
    <ClCompile Include="qglviewer\manipulatedFrame.cpp">
      <Filter>Source Files</Filter>
    </ClCompile>
    <ClCompile Include="qglviewer\mouseGrabber.cpp">
      <Filter>Source Files</Filter>
    </ClCompile>
    <ClCompile Include="qglviewer\qglviewer.cpp">
      <Filter>Source Files</Filter>
    </ClCompile>
    <ClCompile Include="qglviewer\quaternion.cpp">
      <Filter>Source Files</Filter>
    </ClCompile>
    <ClCompile Include="qglviewer\saveSnapshot.cpp">
      <Filter>Source Files</Filter>
    </ClCompile>
    <ClCompile Include="qglviewer\vec.cpp">
      <Filter>Source Files</Filter>
    </ClCompile>
    <ClCompile Include="Debug\moc_Document.cpp">
      <Filter>Generated Files\Debug</Filter>
    </ClCompile>
    <ClCompile Include="Release\moc_Document.cpp">
      <Filter>Generated Files\Release</Filter>
    </ClCompile>
    <ClCompile Include="Debug\moc_ModePlugin.cpp">
      <Filter>Generated Files\Debug</Filter>
    </ClCompile>
    <ClCompile Include="Release\moc_ModePlugin.cpp">
      <Filter>Generated Files\Release</Filter>
    </ClCompile>
    <ClCompile Include="Debug\moc_Model.cpp">
      <Filter>Generated Files\Debug</Filter>
    </ClCompile>
    <ClCompile Include="Release\moc_Model.cpp">
      <Filter>Generated Files\Release</Filter>
    </ClCompile>
    <ClCompile Include="Debug\moc_ParametersFrame.cpp">
      <Filter>Generated Files\Debug</Filter>
    </ClCompile>
    <ClCompile Include="Release\moc_ParametersFrame.cpp">
      <Filter>Generated Files\Release</Filter>
    </ClCompile>
    <ClCompile Include="Debug\moc_PluginManager.cpp">
      <Filter>Generated Files\Debug</Filter>
    </ClCompile>
    <ClCompile Include="Release\moc_PluginManager.cpp">
      <Filter>Generated Files\Release</Filter>
    </ClCompile>
    <ClCompile Include="Debug\moc_RenderPlugin.cpp">
      <Filter>Generated Files\Debug</Filter>
    </ClCompile>
    <ClCompile Include="Release\moc_RenderPlugin.cpp">
      <Filter>Generated Files\Release</Filter>
    </ClCompile>
    <ClCompile Include="Debug\moc_RichParameterSet.cpp">
      <Filter>Generated Files\Debug</Filter>
    </ClCompile>
    <ClCompile Include="Release\moc_RichParameterSet.cpp">
      <Filter>Generated Files\Release</Filter>
    </ClCompile>
    <ClCompile Include="Debug\moc_RichParameterWidget.cpp">
      <Filter>Generated Files\Debug</Filter>
    </ClCompile>
    <ClCompile Include="Release\moc_RichParameterWidget.cpp">
      <Filter>Generated Files\Release</Filter>
    </ClCompile>
    <ClCompile Include="Debug\moc_StarlabController.cpp">
      <Filter>Generated Files\Debug</Filter>
    </ClCompile>
    <ClCompile Include="Release\moc_StarlabController.cpp">
      <Filter>Generated Files\Release</Filter>
    </ClCompile>
    <ClCompile Include="Debug\moc_StarlabDrawArea.cpp">
      <Filter>Generated Files\Debug</Filter>
    </ClCompile>
    <ClCompile Include="Release\moc_StarlabDrawArea.cpp">
      <Filter>Generated Files\Release</Filter>
    </ClCompile>
    <ClCompile Include="Debug\moc_StarlabMainWindow.cpp">
      <Filter>Generated Files\Debug</Filter>
    </ClCompile>
    <ClCompile Include="Release\moc_StarlabMainWindow.cpp">
      <Filter>Generated Files\Release</Filter>
    </ClCompile>
    <ClCompile Include="Debug\moc_StarlabPlugin.cpp">
      <Filter>Generated Files\Debug</Filter>
    </ClCompile>
    <ClCompile Include="Release\moc_StarlabPlugin.cpp">
      <Filter>Generated Files\Release</Filter>
    </ClCompile>
    <ClCompile Include="Debug\moc_camera.cpp">
      <Filter>Generated Files\Debug</Filter>
    </ClCompile>
    <ClCompile Include="Release\moc_camera.cpp">
      <Filter>Generated Files\Release</Filter>
    </ClCompile>
    <ClCompile Include="Debug\moc_frame.cpp">
      <Filter>Generated Files\Debug</Filter>
    </ClCompile>
    <ClCompile Include="Release\moc_frame.cpp">
      <Filter>Generated Files\Release</Filter>
    </ClCompile>
    <ClCompile Include="Debug\moc_keyFrameInterpolator.cpp">
      <Filter>Generated Files\Debug</Filter>
    </ClCompile>
    <ClCompile Include="Release\moc_keyFrameInterpolator.cpp">
      <Filter>Generated Files\Release</Filter>
    </ClCompile>
    <ClCompile Include="Debug\moc_manipulatedCameraFrame.cpp">
      <Filter>Generated Files\Debug</Filter>
    </ClCompile>
    <ClCompile Include="Release\moc_manipulatedCameraFrame.cpp">
      <Filter>Generated Files\Release</Filter>
    </ClCompile>
    <ClCompile Include="Debug\moc_manipulatedFrame.cpp">
      <Filter>Generated Files\Debug</Filter>
    </ClCompile>
    <ClCompile Include="Release\moc_manipulatedFrame.cpp">
      <Filter>Generated Files\Release</Filter>
    </ClCompile>
    <ClCompile Include="Debug\moc_qglviewer.cpp">
      <Filter>Generated Files\Debug</Filter>
    </ClCompile>
    <ClCompile Include="Release\moc_qglviewer.cpp">
      <Filter>Generated Files\Release</Filter>
    </ClCompile>
  </ItemGroup>
  <ItemGroup>
    <ClInclude Include="interfaces\ControllerModePlugin.h">
      <Filter>Header Files</Filter>
    </ClInclude>
    <ClInclude Include="interfaces\DecoratePlugin.h">
      <Filter>Header Files</Filter>
    </ClInclude>
    <CustomBuild Include="Document.h">
      <Filter>Header Files</Filter>
    </CustomBuild>
    <ClInclude Include="interfaces\FilterPlugin.h">
      <Filter>Header Files</Filter>
    </ClInclude>
    <ClInclude Include="interfaces\GuiPlugin.h">
      <Filter>Header Files</Filter>
    </ClInclude>
    <ClInclude Include="interfaces\InputOutputPlugin.h">
      <Filter>Header Files</Filter>
    </ClInclude>
    <ClInclude Include="parameters\LineEditWidget.h">
      <Filter>Header Files</Filter>
    </ClInclude>
    <CustomBuild Include="interfaces\ModePlugin.h">
      <Filter>Header Files</Filter>
    </CustomBuild>
    <ClInclude Include="interfaces\ModePluginDockWidget.h">
      <Filter>Header Files</Filter>
    </ClInclude>
    <CustomBuild Include="Model.h">
      <Filter>Header Files</Filter>
    </CustomBuild>
    <ClInclude Include="OSQuery.h">
      <Filter>Header Files</Filter>
    </ClInclude>
    <ClInclude Include="OpenGLErrorChecker.h">
      <Filter>Header Files</Filter>
    </ClInclude>
    <CustomBuild Include="parameters\ParametersFrame.h">
      <Filter>Header Files</Filter>
    </CustomBuild>
    <CustomBuild Include="PluginManager.h">
      <Filter>Header Files</Filter>
    </CustomBuild>
    <ClInclude Include="interfaces\ProjectInputOutputPlugin.h">
      <Filter>Header Files</Filter>
    </ClInclude>
    <ClInclude Include="RenderObject.h">
      <Filter>Header Files</Filter>
    </ClInclude>
    <CustomBuild Include="interfaces\RenderPlugin.h">
      <Filter>Header Files</Filter>
    </CustomBuild>
    <ClInclude Include="parameters\RichAbsPerc.h">
      <Filter>Header Files</Filter>
    </ClInclude>
    <ClInclude Include="parameters\RichBool.h">
      <Filter>Header Files</Filter>
    </ClInclude>
    <ClInclude Include="parameters\RichColor.h">
      <Filter>Header Files</Filter>
    </ClInclude>
    <ClInclude Include="parameters\RichEnum.h">
      <Filter>Header Files</Filter>
    </ClInclude>
    <ClInclude Include="parameters\RichFilePath.h">
      <Filter>Header Files</Filter>
    </ClInclude>
    <ClInclude Include="parameters\RichFloat.h">
      <Filter>Header Files</Filter>
    </ClInclude>
    <ClInclude Include="parameters\RichInt.h">
      <Filter>Header Files</Filter>
    </ClInclude>
    <ClInclude Include="parameters\RichPar.h">
      <Filter>Header Files</Filter>
    </ClInclude>
    <ClInclude Include="parameters\RichParameter.h">
      <Filter>Header Files</Filter>
    </ClInclude>
    <CustomBuild Include="parameters\RichParameterSet.h">
      <Filter>Header Files</Filter>
    </CustomBuild>
    <CustomBuild Include="parameters\RichParameterWidget.h">
      <Filter>Header Files</Filter>
    </CustomBuild>
    <ClInclude Include="parameters\RichString.h">
      <Filter>Header Files</Filter>
    </ClInclude>
    <ClInclude Include="parameters\RichStringSet.h">
      <Filter>Header Files</Filter>
    </ClInclude>
    <ClInclude Include="Starlab.h">
      <Filter>Header Files</Filter>
    </ClInclude>
    <ClInclude Include="StarlabApplication.h">
      <Filter>Header Files</Filter>
    </ClInclude>
    <CustomBuild Include="StarlabController.h">
      <Filter>Header Files</Filter>
    </CustomBuild>
    <CustomBuild Include="StarlabDrawArea.h">
      <Filter>Header Files</Filter>
    </CustomBuild>
    <ClInclude Include="StarlabException.h">
      <Filter>Header Files</Filter>
    </ClInclude>
    <CustomBuild Include="StarlabMainWindow.h">
      <Filter>Header Files</Filter>
    </CustomBuild>
    <CustomBuild Include="interfaces\StarlabPlugin.h">
      <Filter>Header Files</Filter>
    </CustomBuild>
    <ClInclude Include="StarlabSettings.h">
      <Filter>Header Files</Filter>
    </ClInclude>
    <CustomBuild Include="qglviewer\camera.h">
      <Filter>Header Files</Filter>
    </CustomBuild>
    <ClInclude Include="qglviewer\config.h">
      <Filter>Header Files</Filter>
    </ClInclude>
    <ClInclude Include="qglviewer\constraint.h">
      <Filter>Header Files</Filter>
    </ClInclude>
    <ClInclude Include="qglviewer\domUtils.h">
      <Filter>Header Files</Filter>
    </ClInclude>
    <CustomBuild Include="qglviewer\frame.h">
      <Filter>Header Files</Filter>
    </CustomBuild>
    <CustomBuild Include="qglviewer\keyFrameInterpolator.h">
      <Filter>Header Files</Filter>
    </CustomBuild>
    <CustomBuild Include="qglviewer\manipulatedCameraFrame.h">
      <Filter>Header Files</Filter>
    </CustomBuild>
    <CustomBuild Include="qglviewer\manipulatedFrame.h">
      <Filter>Header Files</Filter>
    </CustomBuild>
    <ClInclude Include="qglviewer\mouseGrabber.h">
      <Filter>Header Files</Filter>
    </ClInclude>
    <CustomBuild Include="qglviewer\qglviewer.h">
      <Filter>Header Files</Filter>
    </CustomBuild>
    <ClInclude Include="qglviewer\quaternion.h">
      <Filter>Header Files</Filter>
    </ClInclude>
    <ClInclude Include="qglviewer\vec.h">
      <Filter>Header Files</Filter>
    </ClInclude>
    <ClInclude Include="GeneratedFiles\ui_ImageInterface.h">
      <Filter>Generated Files</Filter>
    </ClInclude>
  </ItemGroup>
  <ItemGroup>
    <CustomBuild Include="qglviewer\ImageInterface.ui">
      <Filter>Form Files</Filter>
    </CustomBuild>
  </ItemGroup>
</Project>